
Microsoft Visual Studio Solution File, Format Version 12.00
# Visual Studio Version 17
VisualStudioVersion = 17.6.33815.320
MinimumVisualStudioVersion = 10.0.40219.1
Project("{9A19103F-16F7-4668-BE54-9A1E7A4F7556}") = "TCMotorfest.Unpacker", "TCMotorfest.Unpacker\TCMotorfest.Unpacker.csproj", "{60629560-5DA2-4075-ABAB-AFDF089CB656}"
EndProject
Global
	GlobalSection(SolutionConfigurationPlatforms) = preSolution
		Debug|Any CPU = Debug|Any CPU
		Release|Any CPU = Release|Any CPU
	EndGlobalSection
	GlobalSection(ProjectConfigurationPlatforms) = postSolution
		{60629560-5DA2-4075-ABAB-AFDF089CB656}.Debug|Any CPU.ActiveCfg = Debug|Any CPU
		{60629560-5DA2-4075-ABAB-AFDF089CB656}.Debug|Any CPU.Build.0 = Debug|Any CPU
		{60629560-5DA2-4075-ABAB-AFDF089CB656}.Release|Any CPU.ActiveCfg = Release|Any CPU
		{60629560-5DA2-4075-ABAB-AFDF089CB656}.Release|Any CPU.Build.0 = Release|Any CPU
	EndGlobalSection
	GlobalSection(SolutionProperties) = preSolution
		HideSolutionNode = FALSE
	EndGlobalSection
	GlobalSection(ExtensibilityGlobals) = postSolution
		SolutionGuid = {20939AC1-4273-4680-A9FA-4B953B400380}
	EndGlobalSection
EndGlobal
